// !$*UTF8*$!
{
	archiveVersion = 1;
	classes = {
	};
	objectVersion = 46;
	objects = {

/* Begin PBXBuildFile section */
		2E28B94DE99AC5CAC34FDEA2 /* Pods_Makestagram2.framework in Frameworks */ = {isa = PBXBuildFile; fileRef = 058EAF4833754EEF251C0051 /* Pods_Makestagram2.framework */; };
		5F04812E1F06CEA600E8B3E4 /* MGPhotoHelper.swift in Sources */ = {isa = PBXBuildFile; fileRef = 5F04812D1F06CEA600E8B3E4 /* MGPhotoHelper.swift */; };
		5F04813A1F0AA3E400E8B3E4 /* Home.storyboard in Resources */ = {isa = PBXBuildFile; fileRef = 5F0481391F0AA3E400E8B3E4 /* Home.storyboard */; };
		5F0481451F0AC88900E8B3E4 /* PostActionCell.swift in Sources */ = {isa = PBXBuildFile; fileRef = 5F0481421F0AC88800E8B3E4 /* PostActionCell.swift */; };
		5F0481461F0AC88900E8B3E4 /* PostHeaderCell.swift in Sources */ = {isa = PBXBuildFile; fileRef = 5F0481431F0AC88800E8B3E4 /* PostHeaderCell.swift */; };
		5F0481471F0AC88900E8B3E4 /* PostImageCell.swift in Sources */ = {isa = PBXBuildFile; fileRef = 5F0481441F0AC88900E8B3E4 /* PostImageCell.swift */; };
		5F04814D1F0AC8BF00E8B3E4 /* FindFriendsViewController.swift in Sources */ = {isa = PBXBuildFile; fileRef = 5F0481481F0AC8BF00E8B3E4 /* FindFriendsViewController.swift */; };
		5F04814E1F0AC8BF00E8B3E4 /* HomeViewController.swift in Sources */ = {isa = PBXBuildFile; fileRef = 5F0481491F0AC8BF00E8B3E4 /* HomeViewController.swift */; };
		5F04814F1F0AC8BF00E8B3E4 /* CreateUsernameViewController.swift in Sources */ = {isa = PBXBuildFile; fileRef = 5F04814A1F0AC8BF00E8B3E4 /* CreateUsernameViewController.swift */; };
		5F0481501F0AC8BF00E8B3E4 /* MainTabBarController.swift in Sources */ = {isa = PBXBuildFile; fileRef = 5F04814B1F0AC8BF00E8B3E4 /* MainTabBarController.swift */; };
		5F0481511F0AC8BF00E8B3E4 /* LoginViewController.swift in Sources */ = {isa = PBXBuildFile; fileRef = 5F04814C1F0AC8BF00E8B3E4 /* LoginViewController.swift */; };
		5F0481551F0AC8E800E8B3E4 /* StorageReference+Post.swift in Sources */ = {isa = PBXBuildFile; fileRef = 5F0481521F0AC8E800E8B3E4 /* StorageReference+Post.swift */; };
		5F0481561F0AC8E800E8B3E4 /* UIImage+Size.swift in Sources */ = {isa = PBXBuildFile; fileRef = 5F0481531F0AC8E800E8B3E4 /* UIImage+Size.swift */; };
		5F0481571F0AC8E800E8B3E4 /* Storyboard+Utility.swift in Sources */ = {isa = PBXBuildFile; fileRef = 5F0481541F0AC8E800E8B3E4 /* Storyboard+Utility.swift */; };
		5F04815B1F0AC8F900E8B3E4 /* UserService.swift in Sources */ = {isa = PBXBuildFile; fileRef = 5F0481581F0AC8F900E8B3E4 /* UserService.swift */; };
		5F04815C1F0AC8F900E8B3E4 /* PostService.swift in Sources */ = {isa = PBXBuildFile; fileRef = 5F0481591F0AC8F900E8B3E4 /* PostService.swift */; };
		5F04815D1F0AC8F900E8B3E4 /* StorageService.swift in Sources */ = {isa = PBXBuildFile; fileRef = 5F04815A1F0AC8F900E8B3E4 /* StorageService.swift */; };
		5F0481601F0AC90C00E8B3E4 /* Post.swift in Sources */ = {isa = PBXBuildFile; fileRef = 5F04815E1F0AC90C00E8B3E4 /* Post.swift */; };
		5F0481611F0AC90C00E8B3E4 /* User.swift in Sources */ = {isa = PBXBuildFile; fileRef = 5F04815F1F0AC90C00E8B3E4 /* User.swift */; };
		5F0481631F0AC91900E8B3E4 /* Login.storyboard in Resources */ = {isa = PBXBuildFile; fileRef = 5F0481621F0AC91900E8B3E4 /* Login.storyboard */; };
		5F0481651F0AC92700E8B3E4 /* Constants.swift in Sources */ = {isa = PBXBuildFile; fileRef = 5F0481641F0AC92700E8B3E4 /* Constants.swift */; };
		5F0481671F0AE4AC00E8B3E4 /* LikeService.swift in Sources */ = {isa = PBXBuildFile; fileRef = 5F0481661F0AE4AC00E8B3E4 /* LikeService.swift */; };
		5F0481691F0AEF7600E8B3E4 /* FollowService.swift in Sources */ = {isa = PBXBuildFile; fileRef = 5F0481681F0AEF7600E8B3E4 /* FollowService.swift */; };
		5F04816B1F0AF60B00E8B3E4 /* FindFriends.storyboard in Resources */ = {isa = PBXBuildFile; fileRef = 5F04816A1F0AF60B00E8B3E4 /* FindFriends.storyboard */; };
		5F04816D1F0AF72600E8B3E4 /* FindFriendsCell.swift in Sources */ = {isa = PBXBuildFile; fileRef = 5F04816C1F0AF72600E8B3E4 /* FindFriendsCell.swift */; };
		5F04816F1F0D6B1E00E8B3E4 /* DatabaseReference+Location.swift in Sources */ = {isa = PBXBuildFile; fileRef = 5F04816E1F0D6B1E00E8B3E4 /* DatabaseReference+Location.swift */; };
		5F0481711F0EE51300E8B3E4 /* UITableView+Utility.swift in Sources */ = {isa = PBXBuildFile; fileRef = 5F0481701F0EE51300E8B3E4 /* UITableView+Utility.swift */; };
		5F0481731F0EE90500E8B3E4 /* MGPaginationHelper.swift in Sources */ = {isa = PBXBuildFile; fileRef = 5F0481721F0EE90500E8B3E4 /* MGPaginationHelper.swift */; };
		5F32AC1D1F056BEC001D7B8A /* AppDelegate.swift in Sources */ = {isa = PBXBuildFile; fileRef = 5F32AC1C1F056BEC001D7B8A /* AppDelegate.swift */; };
		5F32AC241F056BEC001D7B8A /* Assets.xcassets in Resources */ = {isa = PBXBuildFile; fileRef = 5F32AC231F056BEC001D7B8A /* Assets.xcassets */; };
		5F32AC331F056EAA001D7B8A /* ViewController.swift in Sources */ = {isa = PBXBuildFile; fileRef = 5F32AC321F056EAA001D7B8A /* ViewController.swift */; };
		5F32AC361F056EB2001D7B8A /* LaunchScreen.storyboard in Resources */ = {isa = PBXBuildFile; fileRef = 5F32AC341F056EB2001D7B8A /* LaunchScreen.storyboard */; };
		5F32AC371F056EB2001D7B8A /* Main.storyboard in Resources */ = {isa = PBXBuildFile; fileRef = 5F32AC351F056EB2001D7B8A /* Main.storyboard */; };
		5F32AC3B1F056EBB001D7B8A /* GoogleService-Info.plist in Resources */ = {isa = PBXBuildFile; fileRef = 5F32AC391F056EBB001D7B8A /* GoogleService-Info.plist */; };
/* End PBXBuildFile section */

/* Begin PBXFileReference section */
		058EAF4833754EEF251C0051 /* Pods_Makestagram2.framework */ = {isa = PBXFileReference; explicitFileType = wrapper.framework; includeInIndex = 0; path = Pods_Makestagram2.framework; sourceTree = BUILT_PRODUCTS_DIR; };
		1FB518030E8E23CDD328F856 /* Pods-Makestagram2.release.xcconfig */ = {isa = PBXFileReference; includeInIndex = 1; lastKnownFileType = text.xcconfig; name = "Pods-Makestagram2.release.xcconfig"; path = "Pods/Target Support Files/Pods-Makestagram2/Pods-Makestagram2.release.xcconfig"; sourceTree = "<group>"; };
		3F9DFB40195215178DCFE2F6 /* Pods-Makestagram2.debug.xcconfig */ = {isa = PBXFileReference; includeInIndex = 1; lastKnownFileType = text.xcconfig; name = "Pods-Makestagram2.debug.xcconfig"; path = "Pods/Target Support Files/Pods-Makestagram2/Pods-Makestagram2.debug.xcconfig"; sourceTree = "<group>"; };
		5F04812D1F06CEA600E8B3E4 /* MGPhotoHelper.swift */ = {isa = PBXFileReference; fileEncoding = 4; lastKnownFileType = sourcecode.swift; name = MGPhotoHelper.swift; path = Helpers/MGPhotoHelper.swift; sourceTree = "<group>"; };
		5F0481391F0AA3E400E8B3E4 /* Home.storyboard */ = {isa = PBXFileReference; fileEncoding = 4; lastKnownFileType = file.storyboard; name = Home.storyboard; path = Storyboards/Home.storyboard; sourceTree = "<group>"; };
		5F0481421F0AC88800E8B3E4 /* PostActionCell.swift */ = {isa = PBXFileReference; fileEncoding = 4; lastKnownFileType = sourcecode.swift; name = PostActionCell.swift; path = Views/PostActionCell.swift; sourceTree = "<group>"; };
		5F0481431F0AC88800E8B3E4 /* PostHeaderCell.swift */ = {isa = PBXFileReference; fileEncoding = 4; lastKnownFileType = sourcecode.swift; name = PostHeaderCell.swift; path = Views/PostHeaderCell.swift; sourceTree = "<group>"; };
		5F0481441F0AC88900E8B3E4 /* PostImageCell.swift */ = {isa = PBXFileReference; fileEncoding = 4; lastKnownFileType = sourcecode.swift; name = PostImageCell.swift; path = Views/PostImageCell.swift; sourceTree = "<group>"; };
		5F0481481F0AC8BF00E8B3E4 /* FindFriendsViewController.swift */ = {isa = PBXFileReference; fileEncoding = 4; lastKnownFileType = sourcecode.swift; name = FindFriendsViewController.swift; path = Controllers/FindFriendsViewController.swift; sourceTree = "<group>"; };
		5F0481491F0AC8BF00E8B3E4 /* HomeViewController.swift */ = {isa = PBXFileReference; fileEncoding = 4; lastKnownFileType = sourcecode.swift; name = HomeViewController.swift; path = Controllers/HomeViewController.swift; sourceTree = "<group>"; };
		5F04814A1F0AC8BF00E8B3E4 /* CreateUsernameViewController.swift */ = {isa = PBXFileReference; fileEncoding = 4; lastKnownFileType = sourcecode.swift; name = CreateUsernameViewController.swift; path = Controllers/CreateUsernameViewController.swift; sourceTree = "<group>"; };
		5F04814B1F0AC8BF00E8B3E4 /* MainTabBarController.swift */ = {isa = PBXFileReference; fileEncoding = 4; lastKnownFileType = sourcecode.swift; name = MainTabBarController.swift; path = Controllers/MainTabBarController.swift; sourceTree = "<group>"; };
		5F04814C1F0AC8BF00E8B3E4 /* LoginViewController.swift */ = {isa = PBXFileReference; fileEncoding = 4; lastKnownFileType = sourcecode.swift; name = LoginViewController.swift; path = Controllers/LoginViewController.swift; sourceTree = "<group>"; };
		5F0481521F0AC8E800E8B3E4 /* StorageReference+Post.swift */ = {isa = PBXFileReference; fileEncoding = 4; lastKnownFileType = sourcecode.swift; name = "StorageReference+Post.swift"; path = "Extensions/StorageReference+Post.swift"; sourceTree = "<group>"; };
		5F0481531F0AC8E800E8B3E4 /* UIImage+Size.swift */ = {isa = PBXFileReference; fileEncoding = 4; lastKnownFileType = sourcecode.swift; name = "UIImage+Size.swift"; path = "Extensions/UIImage+Size.swift"; sourceTree = "<group>"; };
		5F0481541F0AC8E800E8B3E4 /* Storyboard+Utility.swift */ = {isa = PBXFileReference; fileEncoding = 4; lastKnownFileType = sourcecode.swift; name = "Storyboard+Utility.swift"; path = "Extensions/Storyboard+Utility.swift"; sourceTree = "<group>"; };
		5F0481581F0AC8F900E8B3E4 /* UserService.swift */ = {isa = PBXFileReference; fileEncoding = 4; lastKnownFileType = sourcecode.swift; name = UserService.swift; path = Services/UserService.swift; sourceTree = "<group>"; };
		5F0481591F0AC8F900E8B3E4 /* PostService.swift */ = {isa = PBXFileReference; fileEncoding = 4; lastKnownFileType = sourcecode.swift; name = PostService.swift; path = Services/PostService.swift; sourceTree = "<group>"; };
		5F04815A1F0AC8F900E8B3E4 /* StorageService.swift */ = {isa = PBXFileReference; fileEncoding = 4; lastKnownFileType = sourcecode.swift; name = StorageService.swift; path = Services/StorageService.swift; sourceTree = "<group>"; };
		5F04815E1F0AC90C00E8B3E4 /* Post.swift */ = {isa = PBXFileReference; fileEncoding = 4; lastKnownFileType = sourcecode.swift; name = Post.swift; path = Models/Post.swift; sourceTree = "<group>"; };
		5F04815F1F0AC90C00E8B3E4 /* User.swift */ = {isa = PBXFileReference; fileEncoding = 4; lastKnownFileType = sourcecode.swift; name = User.swift; path = Models/User.swift; sourceTree = "<group>"; };
		5F0481621F0AC91900E8B3E4 /* Login.storyboard */ = {isa = PBXFileReference; fileEncoding = 4; lastKnownFileType = file.storyboard; name = Login.storyboard; path = Storyboards/Login.storyboard; sourceTree = "<group>"; };
		5F0481641F0AC92700E8B3E4 /* Constants.swift */ = {isa = PBXFileReference; fileEncoding = 4; lastKnownFileType = sourcecode.swift; name = Constants.swift; path = Supporting/Constants.swift; sourceTree = "<group>"; };
		5F0481661F0AE4AC00E8B3E4 /* LikeService.swift */ = {isa = PBXFileReference; fileEncoding = 4; lastKnownFileType = sourcecode.swift; path = LikeService.swift; sourceTree = "<group>"; };
		5F0481681F0AEF7600E8B3E4 /* FollowService.swift */ = {isa = PBXFileReference; fileEncoding = 4; lastKnownFileType = sourcecode.swift; path = FollowService.swift; sourceTree = "<group>"; };
		5F04816A1F0AF60B00E8B3E4 /* FindFriends.storyboard */ = {isa = PBXFileReference; fileEncoding = 4; lastKnownFileType = file.storyboard; name = FindFriends.storyboard; path = Storyboards/FindFriends.storyboard; sourceTree = "<group>"; };
		5F04816C1F0AF72600E8B3E4 /* FindFriendsCell.swift */ = {isa = PBXFileReference; fileEncoding = 4; lastKnownFileType = sourcecode.swift; path = FindFriendsCell.swift; sourceTree = "<group>"; };
		5F04816E1F0D6B1E00E8B3E4 /* DatabaseReference+Location.swift */ = {isa = PBXFileReference; fileEncoding = 4; lastKnownFileType = sourcecode.swift; path = "DatabaseReference+Location.swift"; sourceTree = "<group>"; };
		5F0481701F0EE51300E8B3E4 /* UITableView+Utility.swift */ = {isa = PBXFileReference; fileEncoding = 4; lastKnownFileType = sourcecode.swift; path = "UITableView+Utility.swift"; sourceTree = "<group>"; };
		5F0481721F0EE90500E8B3E4 /* MGPaginationHelper.swift */ = {isa = PBXFileReference; fileEncoding = 4; lastKnownFileType = sourcecode.swift; path = MGPaginationHelper.swift; sourceTree = "<group>"; };
		5F32AC191F056BEC001D7B8A /* Makestagram2.app */ = {isa = PBXFileReference; explicitFileType = wrapper.application; includeInIndex = 0; path = Makestagram2.app; sourceTree = BUILT_PRODUCTS_DIR; };
		5F32AC1C1F056BEC001D7B8A /* AppDelegate.swift */ = {isa = PBXFileReference; lastKnownFileType = sourcecode.swift; path = AppDelegate.swift; sourceTree = "<group>"; };
		5F32AC231F056BEC001D7B8A /* Assets.xcassets */ = {isa = PBXFileReference; lastKnownFileType = folder.assetcatalog; path = Assets.xcassets; sourceTree = "<group>"; };
		5F32AC321F056EAA001D7B8A /* ViewController.swift */ = {isa = PBXFileReference; fileEncoding = 4; lastKnownFileType = sourcecode.swift; name = ViewController.swift; path = Controllers/ViewController.swift; sourceTree = "<group>"; };
		5F32AC341F056EB2001D7B8A /* LaunchScreen.storyboard */ = {isa = PBXFileReference; fileEncoding = 4; lastKnownFileType = file.storyboard; name = LaunchScreen.storyboard; path = Storyboards/LaunchScreen.storyboard; sourceTree = "<group>"; };
		5F32AC351F056EB2001D7B8A /* Main.storyboard */ = {isa = PBXFileReference; fileEncoding = 4; lastKnownFileType = file.storyboard; name = Main.storyboard; path = Storyboards/Main.storyboard; sourceTree = "<group>"; };
		5F32AC381F056EBB001D7B8A /* Info.plist */ = {isa = PBXFileReference; fileEncoding = 4; lastKnownFileType = text.plist.xml; name = Info.plist; path = Supporting/Info.plist; sourceTree = "<group>"; };
		5F32AC391F056EBB001D7B8A /* GoogleService-Info.plist */ = {isa = PBXFileReference; fileEncoding = 4; lastKnownFileType = text.plist.xml; name = "GoogleService-Info.plist"; path = "Supporting/GoogleService-Info.plist"; sourceTree = "<group>"; };
/* End PBXFileReference section */

/* Begin PBXFrameworksBuildPhase section */
		5F32AC161F056BEC001D7B8A /* Frameworks */ = {
			isa = PBXFrameworksBuildPhase;
			buildActionMask = 2147483647;
			files = (
				2E28B94DE99AC5CAC34FDEA2 /* Pods_Makestagram2.framework in Frameworks */,
			);
			runOnlyForDeploymentPostprocessing = 0;
		};
/* End PBXFrameworksBuildPhase section */

/* Begin PBXGroup section */
		4E0D7F57C212149CA394AC57 /* Pods */ = {
			isa = PBXGroup;
			children = (
				3F9DFB40195215178DCFE2F6 /* Pods-Makestagram2.debug.xcconfig */,
				1FB518030E8E23CDD328F856 /* Pods-Makestagram2.release.xcconfig */,
			);
			name = Pods;
			sourceTree = "<group>";
		};
		51A1D9AE046CCF3C301C1581 /* Frameworks */ = {
			isa = PBXGroup;
			children = (
				058EAF4833754EEF251C0051 /* Pods_Makestagram2.framework */,
			);
			name = Frameworks;
			sourceTree = "<group>";
		};
		5F0480FD1F06A50400E8B3E4 /* Extensions */ = {
			isa = PBXGroup;
			children = (
				5F0481521F0AC8E800E8B3E4 /* StorageReference+Post.swift */,
				5F0481531F0AC8E800E8B3E4 /* UIImage+Size.swift */,
				5F0481541F0AC8E800E8B3E4 /* Storyboard+Utility.swift */,
				5F04816E1F0D6B1E00E8B3E4 /* DatabaseReference+Location.swift */,
				5F0481701F0EE51300E8B3E4 /* UITableView+Utility.swift */,
			);
			name = Extensions;
			sourceTree = "<group>";
		};
		5F04812C1F06CE8000E8B3E4 /* Helpers */ = {
			isa = PBXGroup;
			children = (
				5F04812D1F06CEA600E8B3E4 /* MGPhotoHelper.swift */,
				5F0481721F0EE90500E8B3E4 /* MGPaginationHelper.swift */,
			);
			name = Helpers;
			sourceTree = "<group>";
		};
		5F0481411F0AC87100E8B3E4 /* Views */ = {
			isa = PBXGroup;
			children = (
				5F0481421F0AC88800E8B3E4 /* PostActionCell.swift */,
				5F0481431F0AC88800E8B3E4 /* PostHeaderCell.swift */,
				5F0481441F0AC88900E8B3E4 /* PostImageCell.swift */,
				5F04816C1F0AF72600E8B3E4 /* FindFriendsCell.swift */,
			);
			name = Views;
			sourceTree = "<group>";
		};
		5F32AC101F056BEC001D7B8A = {
			isa = PBXGroup;
			children = (
				5F32AC1B1F056BEC001D7B8A /* Makestagram2 */,
				5F32AC1A1F056BEC001D7B8A /* Products */,
				4E0D7F57C212149CA394AC57 /* Pods */,
				51A1D9AE046CCF3C301C1581 /* Frameworks */,
			);
			sourceTree = "<group>";
		};
		5F32AC1A1F056BEC001D7B8A /* Products */ = {
			isa = PBXGroup;
			children = (
				5F32AC191F056BEC001D7B8A /* Makestagram2.app */,
			);
			name = Products;
			sourceTree = "<group>";
		};
		5F32AC1B1F056BEC001D7B8A /* Makestagram2 */ = {
			isa = PBXGroup;
			children = (
				5F32AC1C1F056BEC001D7B8A /* AppDelegate.swift */,
				5F0481411F0AC87100E8B3E4 /* Views */,
				5F04812C1F06CE8000E8B3E4 /* Helpers */,
				5F0480FD1F06A50400E8B3E4 /* Extensions */,
				5F32AC4A1F05B0EA001D7B8A /* Services */,
				5F32AC431F0587E3001D7B8A /* Models */,
				5F32AC3E1F056F54001D7B8A /* View Controllers */,
				5F32AC3D1F056F4B001D7B8A /* Storyboards */,
				5F32AC3C1F056F37001D7B8A /* Supporting Files */,
				5F32AC231F056BEC001D7B8A /* Assets.xcassets */,
			);
			path = Makestagram2;
			sourceTree = "<group>";
		};
		5F32AC3C1F056F37001D7B8A /* Supporting Files */ = {
			isa = PBXGroup;
			children = (
				5F32AC381F056EBB001D7B8A /* Info.plist */,
				5F32AC391F056EBB001D7B8A /* GoogleService-Info.plist */,
				5F32AC341F056EB2001D7B8A /* LaunchScreen.storyboard */,
				5F0481641F0AC92700E8B3E4 /* Constants.swift */,
			);
			name = "Supporting Files";
			sourceTree = "<group>";
		};
		5F32AC3D1F056F4B001D7B8A /* Storyboards */ = {
			isa = PBXGroup;
			children = (
				5F32AC351F056EB2001D7B8A /* Main.storyboard */,
				5F04816A1F0AF60B00E8B3E4 /* FindFriends.storyboard */,
				5F0481391F0AA3E400E8B3E4 /* Home.storyboard */,
				5F0481621F0AC91900E8B3E4 /* Login.storyboard */,
			);
			name = Storyboards;
			sourceTree = "<group>";
		};
		5F32AC3E1F056F54001D7B8A /* View Controllers */ = {
			isa = PBXGroup;
			children = (
				5F0481481F0AC8BF00E8B3E4 /* FindFriendsViewController.swift */,
				5F0481491F0AC8BF00E8B3E4 /* HomeViewController.swift */,
				5F04814A1F0AC8BF00E8B3E4 /* CreateUsernameViewController.swift */,
				5F04814B1F0AC8BF00E8B3E4 /* MainTabBarController.swift */,
				5F04814C1F0AC8BF00E8B3E4 /* LoginViewController.swift */,
				5F32AC321F056EAA001D7B8A /* ViewController.swift */,
			);
			name = "View Controllers";
			sourceTree = "<group>";
		};
		5F32AC431F0587E3001D7B8A /* Models */ = {
			isa = PBXGroup;
			children = (
				5F04815E1F0AC90C00E8B3E4 /* Post.swift */,
				5F04815F1F0AC90C00E8B3E4 /* User.swift */,
			);
			name = Models;
			sourceTree = "<group>";
		};
		5F32AC4A1F05B0EA001D7B8A /* Services */ = {
			isa = PBXGroup;
			children = (
				5F0481581F0AC8F900E8B3E4 /* UserService.swift */,
				5F0481591F0AC8F900E8B3E4 /* PostService.swift */,
				5F04815A1F0AC8F900E8B3E4 /* StorageService.swift */,
				5F0481661F0AE4AC00E8B3E4 /* LikeService.swift */,
				5F0481681F0AEF7600E8B3E4 /* FollowService.swift */,
			);
			name = Services;
			sourceTree = "<group>";
		};
/* End PBXGroup section */

/* Begin PBXNativeTarget section */
		5F32AC181F056BEC001D7B8A /* Makestagram2 */ = {
			isa = PBXNativeTarget;
			buildConfigurationList = 5F32AC2B1F056BEC001D7B8A /* Build configuration list for PBXNativeTarget "Makestagram2" */;
			buildPhases = (
				7880BA914341588450468EBE /* [CP] Check Pods Manifest.lock */,
				5F32AC151F056BEC001D7B8A /* Sources */,
				5F32AC161F056BEC001D7B8A /* Frameworks */,
				5F32AC171F056BEC001D7B8A /* Resources */,
				2F8A123C38A037BB2459ABD9 /* [CP] Embed Pods Frameworks */,
				C0CBF44FD826304048602E4B /* [CP] Copy Pods Resources */,
			);
			buildRules = (
			);
			dependencies = (
			);
			name = Makestagram2;
			productName = Makestagram2;
			productReference = 5F32AC191F056BEC001D7B8A /* Makestagram2.app */;
			productType = "com.apple.product-type.application";
		};
/* End PBXNativeTarget section */

/* Begin PBXProject section */
		5F32AC111F056BEC001D7B8A /* Project object */ = {
			isa = PBXProject;
			attributes = {
				LastSwiftUpdateCheck = 0830;
				LastUpgradeCheck = 0830;
				ORGANIZATIONNAME = "Make School";
				TargetAttributes = {
					5F32AC181F056BEC001D7B8A = {
						CreatedOnToolsVersion = 8.3.3;
						DevelopmentTeam = MMWEE7C9T8;
						ProvisioningStyle = Automatic;
					};
				};
			};
			buildConfigurationList = 5F32AC141F056BEC001D7B8A /* Build configuration list for PBXProject "Makestagram2" */;
			compatibilityVersion = "Xcode 3.2";
			developmentRegion = English;
			hasScannedForEncodings = 0;
			knownRegions = (
				en,
				Base,
			);
			mainGroup = 5F32AC101F056BEC001D7B8A;
			productRefGroup = 5F32AC1A1F056BEC001D7B8A /* Products */;
			projectDirPath = "";
			projectRoot = "";
			targets = (
				5F32AC181F056BEC001D7B8A /* Makestagram2 */,
			);
		};
/* End PBXProject section */

/* Begin PBXResourcesBuildPhase section */
		5F32AC171F056BEC001D7B8A /* Resources */ = {
			isa = PBXResourcesBuildPhase;
			buildActionMask = 2147483647;
			files = (
				5F32AC371F056EB2001D7B8A /* Main.storyboard in Resources */,
				5F32AC3B1F056EBB001D7B8A /* GoogleService-Info.plist in Resources */,
				5F0481631F0AC91900E8B3E4 /* Login.storyboard in Resources */,
				5F04816B1F0AF60B00E8B3E4 /* FindFriends.storyboard in Resources */,
				5F32AC241F056BEC001D7B8A /* Assets.xcassets in Resources */,
				5F04813A1F0AA3E400E8B3E4 /* Home.storyboard in Resources */,
				5F32AC361F056EB2001D7B8A /* LaunchScreen.storyboard in Resources */,
			);
			runOnlyForDeploymentPostprocessing = 0;
		};
/* End PBXResourcesBuildPhase section */

/* Begin PBXShellScriptBuildPhase section */
		2F8A123C38A037BB2459ABD9 /* [CP] Embed Pods Frameworks */ = {
			isa = PBXShellScriptBuildPhase;
			buildActionMask = 2147483647;
			files = (
			);
			inputPaths = (
			);
			name = "[CP] Embed Pods Frameworks";
			outputPaths = (
			);
			runOnlyForDeploymentPostprocessing = 0;
			shellPath = /bin/sh;
			shellScript = "\"${SRCROOT}/Pods/Target Support Files/Pods-Makestagram2/Pods-Makestagram2-frameworks.sh\"\n";
			showEnvVarsInLog = 0;
		};
		7880BA914341588450468EBE /* [CP] Check Pods Manifest.lock */ = {
			isa = PBXShellScriptBuildPhase;
			buildActionMask = 2147483647;
			files = (
			);
			inputPaths = (
			);
			name = "[CP] Check Pods Manifest.lock";
			outputPaths = (
			);
			runOnlyForDeploymentPostprocessing = 0;
			shellPath = /bin/sh;
			shellScript = "diff \"${PODS_PODFILE_DIR_PATH}/Podfile.lock\" \"${PODS_ROOT}/Manifest.lock\" > /dev/null\nif [ $? != 0 ] ; then\n    # print error to STDERR\n    echo \"error: The sandbox is not in sync with the Podfile.lock. Run 'pod install' or update your CocoaPods installation.\" >&2\n    exit 1\nfi\n";
			showEnvVarsInLog = 0;
		};
		C0CBF44FD826304048602E4B /* [CP] Copy Pods Resources */ = {
			isa = PBXShellScriptBuildPhase;
			buildActionMask = 2147483647;
			files = (
			);
			inputPaths = (
			);
			name = "[CP] Copy Pods Resources";
			outputPaths = (
			);
			runOnlyForDeploymentPostprocessing = 0;
			shellPath = /bin/sh;
			shellScript = "\"${SRCROOT}/Pods/Target Support Files/Pods-Makestagram2/Pods-Makestagram2-resources.sh\"\n";
			showEnvVarsInLog = 0;
		};
/* End PBXShellScriptBuildPhase section */

/* Begin PBXSourcesBuildPhase section */
		5F32AC151F056BEC001D7B8A /* Sources */ = {
			isa = PBXSourcesBuildPhase;
			buildActionMask = 2147483647;
			files = (
				5F0481691F0AEF7600E8B3E4 /* FollowService.swift in Sources */,
				5F0481471F0AC88900E8B3E4 /* PostImageCell.swift in Sources */,
				5F04815B1F0AC8F900E8B3E4 /* UserService.swift in Sources */,
				5F04814E1F0AC8BF00E8B3E4 /* HomeViewController.swift in Sources */,
				5F04812E1F06CEA600E8B3E4 /* MGPhotoHelper.swift in Sources */,
				5F04815D1F0AC8F900E8B3E4 /* StorageService.swift in Sources */,
				5F04816F1F0D6B1E00E8B3E4 /* DatabaseReference+Location.swift in Sources */,
				5F04814D1F0AC8BF00E8B3E4 /* FindFriendsViewController.swift in Sources */,
				5F0481511F0AC8BF00E8B3E4 /* LoginViewController.swift in Sources */,
				5F0481551F0AC8E800E8B3E4 /* StorageReference+Post.swift in Sources */,
				5F0481611F0AC90C00E8B3E4 /* User.swift in Sources */,
				5F04816D1F0AF72600E8B3E4 /* FindFriendsCell.swift in Sources */,
				5F04814F1F0AC8BF00E8B3E4 /* CreateUsernameViewController.swift in Sources */,
				5F32AC331F056EAA001D7B8A /* ViewController.swift in Sources */,
				5F0481651F0AC92700E8B3E4 /* Constants.swift in Sources */,
				5F0481461F0AC88900E8B3E4 /* PostHeaderCell.swift in Sources */,
				5F0481711F0EE51300E8B3E4 /* UITableView+Utility.swift in Sources */,
				5F0481501F0AC8BF00E8B3E4 /* MainTabBarController.swift in Sources */,
				5F0481561F0AC8E800E8B3E4 /* UIImage+Size.swift in Sources */,
				5F04815C1F0AC8F900E8B3E4 /* PostService.swift in Sources */,
				5F0481671F0AE4AC00E8B3E4 /* LikeService.swift in Sources */,
				5F0481451F0AC88900E8B3E4 /* PostActionCell.swift in Sources */,
				5F0481601F0AC90C00E8B3E4 /* Post.swift in Sources */,
				5F32AC1D1F056BEC001D7B8A /* AppDelegate.swift in Sources */,
				5F0481571F0AC8E800E8B3E4 /* Storyboard+Utility.swift in Sources */,
				5F0481731F0EE90500E8B3E4 /* MGPaginationHelper.swift in Sources */,
			);
			runOnlyForDeploymentPostprocessing = 0;
		};
/* End PBXSourcesBuildPhase section */

/* Begin XCBuildConfiguration section */
		5F32AC291F056BEC001D7B8A /* Debug */ = {
			isa = XCBuildConfiguration;
			buildSettings = {
				ALWAYS_SEARCH_USER_PATHS = NO;
				CLANG_ANALYZER_NONNULL = YES;
				CLANG_ANALYZER_NUMBER_OBJECT_CONVERSION = YES_AGGRESSIVE;
				CLANG_CXX_LANGUAGE_STANDARD = "gnu++0x";
				CLANG_CXX_LIBRARY = "libc++";
				CLANG_ENABLE_MODULES = YES;
				CLANG_ENABLE_OBJC_ARC = YES;
				CLANG_WARN_BOOL_CONVERSION = YES;
				CLANG_WARN_CONSTANT_CONVERSION = YES;
				CLANG_WARN_DIRECT_OBJC_ISA_USAGE = YES_ERROR;
				CLANG_WARN_DOCUMENTATION_COMMENTS = YES;
				CLANG_WARN_EMPTY_BODY = YES;
				CLANG_WARN_ENUM_CONVERSION = YES;
				CLANG_WARN_INFINITE_RECURSION = YES;
				CLANG_WARN_INT_CONVERSION = YES;
				CLANG_WARN_OBJC_ROOT_CLASS = YES_ERROR;
				CLANG_WARN_SUSPICIOUS_MOVE = YES;
				CLANG_WARN_UNREACHABLE_CODE = YES;
				CLANG_WARN__DUPLICATE_METHOD_MATCH = YES;
				"CODE_SIGN_IDENTITY[sdk=iphoneos*]" = "iPhone Developer";
				COPY_PHASE_STRIP = NO;
				DEBUG_INFORMATION_FORMAT = dwarf;
				ENABLE_STRICT_OBJC_MSGSEND = YES;
				ENABLE_TESTABILITY = YES;
				GCC_C_LANGUAGE_STANDARD = gnu99;
				GCC_DYNAMIC_NO_PIC = NO;
				GCC_NO_COMMON_BLOCKS = YES;
				GCC_OPTIMIZATION_LEVEL = 0;
				GCC_PREPROCESSOR_DEFINITIONS = (
					"DEBUG=1",
					"$(inherited)",
				);
				GCC_WARN_64_TO_32_BIT_CONVERSION = YES;
				GCC_WARN_ABOUT_RETURN_TYPE = YES_ERROR;
				GCC_WARN_UNDECLARED_SELECTOR = YES;
				GCC_WARN_UNINITIALIZED_AUTOS = YES_AGGRESSIVE;
				GCC_WARN_UNUSED_FUNCTION = YES;
				GCC_WARN_UNUSED_VARIABLE = YES;
				IPHONEOS_DEPLOYMENT_TARGET = 10.3;
				MTL_ENABLE_DEBUG_INFO = YES;
				ONLY_ACTIVE_ARCH = YES;
				SDKROOT = iphoneos;
				SWIFT_ACTIVE_COMPILATION_CONDITIONS = DEBUG;
				SWIFT_OPTIMIZATION_LEVEL = "-Onone";
			};
			name = Debug;
		};
		5F32AC2A1F056BEC001D7B8A /* Release */ = {
			isa = XCBuildConfiguration;
			buildSettings = {
				ALWAYS_SEARCH_USER_PATHS = NO;
				CLANG_ANALYZER_NONNULL = YES;
				CLANG_ANALYZER_NUMBER_OBJECT_CONVERSION = YES_AGGRESSIVE;
				CLANG_CXX_LANGUAGE_STANDARD = "gnu++0x";
				CLANG_CXX_LIBRARY = "libc++";
				CLANG_ENABLE_MODULES = YES;
				CLANG_ENABLE_OBJC_ARC = YES;
				CLANG_WARN_BOOL_CONVERSION = YES;
				CLANG_WARN_CONSTANT_CONVERSION = YES;
				CLANG_WARN_DIRECT_OBJC_ISA_USAGE = YES_ERROR;
				CLANG_WARN_DOCUMENTATION_COMMENTS = YES;
				CLANG_WARN_EMPTY_BODY = YES;
				CLANG_WARN_ENUM_CONVERSION = YES;
				CLANG_WARN_INFINITE_RECURSION = YES;
				CLANG_WARN_INT_CONVERSION = YES;
				CLANG_WARN_OBJC_ROOT_CLASS = YES_ERROR;
				CLANG_WARN_SUSPICIOUS_MOVE = YES;
				CLANG_WARN_UNREACHABLE_CODE = YES;
				CLANG_WARN__DUPLICATE_METHOD_MATCH = YES;
				"CODE_SIGN_IDENTITY[sdk=iphoneos*]" = "iPhone Developer";
				COPY_PHASE_STRIP = NO;
				DEBUG_INFORMATION_FORMAT = "dwarf-with-dsym";
				ENABLE_NS_ASSERTIONS = NO;
				ENABLE_STRICT_OBJC_MSGSEND = YES;
				GCC_C_LANGUAGE_STANDARD = gnu99;
				GCC_NO_COMMON_BLOCKS = YES;
				GCC_WARN_64_TO_32_BIT_CONVERSION = YES;
				GCC_WARN_ABOUT_RETURN_TYPE = YES_ERROR;
				GCC_WARN_UNDECLARED_SELECTOR = YES;
				GCC_WARN_UNINITIALIZED_AUTOS = YES_AGGRESSIVE;
				GCC_WARN_UNUSED_FUNCTION = YES;
				GCC_WARN_UNUSED_VARIABLE = YES;
				IPHONEOS_DEPLOYMENT_TARGET = 10.3;
				MTL_ENABLE_DEBUG_INFO = NO;
				SDKROOT = iphoneos;
				SWIFT_OPTIMIZATION_LEVEL = "-Owholemodule";
				VALIDATE_PRODUCT = YES;
			};
			name = Release;
		};
		5F32AC2C1F056BEC001D7B8A /* Debug */ = {
			isa = XCBuildConfiguration;
			baseConfigurationReference = 3F9DFB40195215178DCFE2F6 /* Pods-Makestagram2.debug.xcconfig */;
			buildSettings = {
				ASSETCATALOG_COMPILER_APPICON_NAME = AppIcon;
				DEVELOPMENT_TEAM = MMWEE7C9T8;
				INFOPLIST_FILE = "$(SRCROOT)/Makestagram2/Supporting/Info.plist";
				LD_RUNPATH_SEARCH_PATHS = "$(inherited) @executable_path/Frameworks";
				PRODUCT_BUNDLE_IDENTIFIER = com.markwang.Makestagram2;
				PRODUCT_NAME = "$(TARGET_NAME)";
				SWIFT_VERSION = 3.0;
			};
			name = Debug;
		};
		5F32AC2D1F056BEC001D7B8A /* Release */ = {
			isa = XCBuildConfiguration;
			baseConfigurationReference = 1FB518030E8E23CDD328F856 /* Pods-Makestagram2.release.xcconfig */;
			buildSettings = {
				ASSETCATALOG_COMPILER_APPICON_NAME = AppIcon;
				DEVELOPMENT_TEAM = MMWEE7C9T8;
				INFOPLIST_FILE = "$(SRCROOT)/Makestagram2/Supporting/Info.plist";
				LD_RUNPATH_SEARCH_PATHS = "$(inherited) @executable_path/Frameworks";
				PRODUCT_BUNDLE_IDENTIFIER = com.markwang.Makestagram2;
				PRODUCT_NAME = "$(TARGET_NAME)";
				SWIFT_VERSION = 3.0;
			};
			name = Release;
		};
/* End XCBuildConfiguration section */

/* Begin XCConfigurationList section */
		5F32AC141F056BEC001D7B8A /* Build configuration list for PBXProject "Makestagram2" */ = {
			isa = XCConfigurationList;
			buildConfigurations = (
				5F32AC291F056BEC001D7B8A /* Debug */,
				5F32AC2A1F056BEC001D7B8A /* Release */,
			);
			defaultConfigurationIsVisible = 0;
			defaultConfigurationName = Release;
		};
		5F32AC2B1F056BEC001D7B8A /* Build configuration list for PBXNativeTarget "Makestagram2" */ = {
			isa = XCConfigurationList;
			buildConfigurations = (
				5F32AC2C1F056BEC001D7B8A /* Debug */,
				5F32AC2D1F056BEC001D7B8A /* Release */,
			);
			defaultConfigurationIsVisible = 0;
			defaultConfigurationName = Release;
		};
/* End XCConfigurationList section */
	};
	rootObject = 5F32AC111F056BEC001D7B8A /* Project object */;
}
